
Microsoft Visual Studio Solution File, Format Version 12.00
Project("{2150E333-8FDC-42A3-9474-1A3956D46DE8}") = "Solution Items", "Solution Items", "{6C5F1D38-8430-49F4-ACEB-0F7BFE6F6C72}"
	ProjectSection(SolutionItems) = preProject
		Readme.md = Readme.md
		.gitignore = .gitignore
	EndProjectSection
EndProject
Project("{FAE04EC0-301F-11D3-BF4B-00C04F79EFBC}") = "DistEdu.Common", "DistEdu.Common\DistEdu.Common.csproj", "{ADB695EC-534C-4744-981D-74B661A764F3}"
EndProject
Project("{FAE04EC0-301F-11D3-BF4B-00C04F79EFBC}") = "DistEdu.Dictionary", "DistEdu.Dictionary\DistEdu.Dictionary.csproj", "{C10F3078-BA4B-486C-A878-5CE0255D159B}"
EndProject
Project("{FAE04EC0-301F-11D3-BF4B-00C04F79EFBC}") = "DistEdu.Host", "DistEdu.Host\DistEdu.Host.csproj", "{56ABF138-2A94-4650-9370-D630C8E9F7E4}"
EndProject
Project("{FAE04EC0-301F-11D3-BF4B-00C04F79EFBC}") = "DistEdu.Matrix", "DistEdu.Matrix\DistEdu.Matrix.csproj", "{ED917A03-BDDF-48C9-B323-90AEE87151B6}"
EndProject
Project("{FAE04EC0-301F-11D3-BF4B-00C04F79EFBC}") = "DistEdu.Index", "DistEdu.Index\DistEdu.Index.csproj", "{8C3C64F8-4FFD-4417-B38C-E8055BAADD60}"
EndProject
Project("{FAE04EC0-301F-11D3-BF4B-00C04F79EFBC}") = "DistEdu.BooleanSearch", "DistEdu.BooleanSearch\DistEdu.BooleanSearch.csproj", "{4755C2FC-8B53-4B64-B83B-5CB6BC671E3D}"
EndProject
Project("{FAE04EC0-301F-11D3-BF4B-00C04F79EFBC}") = "DistEdu.CoordinatedInvertedIndex", "DistEdu.CoordinatedInvertedIndex\DistEdu.CoordinatedInvertedIndex.csproj", "{6F1BBA30-E015-4EC0-9A16-41269B062F96}"
EndProject
Project("{FAE04EC0-301F-11D3-BF4B-00C04F79EFBC}") = "DistEdu.DoubleIndex", "DistEdu.DoubleIndex\DistEdu.DoubleIndex.csproj", "{2B316875-92D8-4DB2-870E-5CB36FC4A0DD}"
EndProject
Project("{FAE04EC0-301F-11D3-BF4B-00C04F79EFBC}") = "DistEdu.SuffixTree", "DistEdu.SuffixTree\DistEdu.SuffixTree.csproj", "{74A87B8B-61D3-4F28-8EFA-301CD1826507}"
EndProject
Project("{2150E333-8FDC-42A3-9474-1A3956D46DE8}") = "Lab2", "Lab2", "{6C2FAADA-5E9E-4638-84C6-1EDC966B671F}"
EndProject
Project("{2150E333-8FDC-42A3-9474-1A3956D46DE8}") = "Lab1", "Lab1", "{6F44C0EB-51FE-4603-96EC-E4BD2AFAE33D}"
EndProject
Project("{2150E333-8FDC-42A3-9474-1A3956D46DE8}") = "Lab3", "Lab3", "{6AED90A5-5BAC-4565-9BD8-B20FCC2EC3C2}"
EndProject
Project("{2150E333-8FDC-42A3-9474-1A3956D46DE8}") = "Lab4", "Lab4", "{3B9C9D06-ACC0-4C56-AAFB-7D33416DF411}"
EndProject
Project("{FAE04EC0-301F-11D3-BF4B-00C04F79EFBC}") = "DistEdu.ShuffleIndex", "DistEdu.ShuffleIndex\DistEdu.ShuffleIndex.csproj", "{2DFAEDFB-3C48-453C-A866-6BA8DBB21D70}"
EndProject
Project("{FAE04EC0-301F-11D3-BF4B-00C04F79EFBC}") = "DistEdu.TrigramIndex", "DistEdu.TrigramIndex\DistEdu.TrigramIndex.csproj", "{7AB87994-3501-4B2B-915F-02414450C31C}"
EndProject
Project("{FAE04EC0-301F-11D3-BF4B-00C04F79EFBC}") = "DistEdu.Jokers", "DistEdu.Jokers\DistEdu.Jokers.csproj", "{766C597E-A115-4836-8690-9C5D8E402319}"
EndProject
Project("{2150E333-8FDC-42A3-9474-1A3956D46DE8}") = "Lab5", "Lab5", "{6A46D7E1-E4CE-4C67-A20B-177A1B294A24}"
EndProject
Project("{FAE04EC0-301F-11D3-BF4B-00C04F79EFBC}") = "DistEdu.BSBI", "DistEdu.BSBI\DistEdu.BSBI.csproj", "{B55FE405-8303-484C-972D-C4141CEEAA39}"
EndProject
Project("{2150E333-8FDC-42A3-9474-1A3956D46DE8}") = "Lab6", "Lab6", "{7FD1F8C8-A020-4015-BCD6-97E32AAEB4FB}"
EndProject
Project("{FAE04EC0-301F-11D3-BF4B-00C04F79EFBC}") = "DistEdu.Compressing", "DistEdu.Compressing\DistEdu.Compressing.csproj", "{3343E1FC-1964-4FD3-B851-A74CD69725F6}"
EndProject
Project("{FAE04EC0-301F-11D3-BF4B-00C04F79EFBC}") = "DistEdu.CoordSearch", "DistEdu.CoordSearch\DistEdu.CoordSearch.csproj", "{810DD933-1B83-470E-B474-2348240335C7}"
EndProject
Global
	GlobalSection(SolutionConfigurationPlatforms) = preSolution
		Debug|Any CPU = Debug|Any CPU
		Release|Any CPU = Release|Any CPU
	EndGlobalSection
	GlobalSection(ProjectConfigurationPlatforms) = postSolution
		{ADB695EC-534C-4744-981D-74B661A764F3}.Debug|Any CPU.ActiveCfg = Debug|Any CPU
		{ADB695EC-534C-4744-981D-74B661A764F3}.Debug|Any CPU.Build.0 = Debug|Any CPU
		{ADB695EC-534C-4744-981D-74B661A764F3}.Release|Any CPU.ActiveCfg = Release|Any CPU
		{ADB695EC-534C-4744-981D-74B661A764F3}.Release|Any CPU.Build.0 = Release|Any CPU
		{C10F3078-BA4B-486C-A878-5CE0255D159B}.Debug|Any CPU.ActiveCfg = Debug|Any CPU
		{C10F3078-BA4B-486C-A878-5CE0255D159B}.Debug|Any CPU.Build.0 = Debug|Any CPU
		{C10F3078-BA4B-486C-A878-5CE0255D159B}.Release|Any CPU.ActiveCfg = Release|Any CPU
		{C10F3078-BA4B-486C-A878-5CE0255D159B}.Release|Any CPU.Build.0 = Release|Any CPU
		{56ABF138-2A94-4650-9370-D630C8E9F7E4}.Debug|Any CPU.ActiveCfg = Debug|Any CPU
		{56ABF138-2A94-4650-9370-D630C8E9F7E4}.Debug|Any CPU.Build.0 = Debug|Any CPU
		{56ABF138-2A94-4650-9370-D630C8E9F7E4}.Release|Any CPU.ActiveCfg = Release|Any CPU
		{56ABF138-2A94-4650-9370-D630C8E9F7E4}.Release|Any CPU.Build.0 = Release|Any CPU
		{ED917A03-BDDF-48C9-B323-90AEE87151B6}.Debug|Any CPU.ActiveCfg = Debug|Any CPU
		{ED917A03-BDDF-48C9-B323-90AEE87151B6}.Debug|Any CPU.Build.0 = Debug|Any CPU
		{ED917A03-BDDF-48C9-B323-90AEE87151B6}.Release|Any CPU.ActiveCfg = Release|Any CPU
		{ED917A03-BDDF-48C9-B323-90AEE87151B6}.Release|Any CPU.Build.0 = Release|Any CPU
		{8C3C64F8-4FFD-4417-B38C-E8055BAADD60}.Debug|Any CPU.ActiveCfg = Debug|Any CPU
		{8C3C64F8-4FFD-4417-B38C-E8055BAADD60}.Debug|Any CPU.Build.0 = Debug|Any CPU
		{8C3C64F8-4FFD-4417-B38C-E8055BAADD60}.Release|Any CPU.ActiveCfg = Release|Any CPU
		{8C3C64F8-4FFD-4417-B38C-E8055BAADD60}.Release|Any CPU.Build.0 = Release|Any CPU
		{4755C2FC-8B53-4B64-B83B-5CB6BC671E3D}.Debug|Any CPU.ActiveCfg = Debug|Any CPU
		{4755C2FC-8B53-4B64-B83B-5CB6BC671E3D}.Debug|Any CPU.Build.0 = Debug|Any CPU
		{4755C2FC-8B53-4B64-B83B-5CB6BC671E3D}.Release|Any CPU.ActiveCfg = Release|Any CPU
		{4755C2FC-8B53-4B64-B83B-5CB6BC671E3D}.Release|Any CPU.Build.0 = Release|Any CPU
		{6F1BBA30-E015-4EC0-9A16-41269B062F96}.Debug|Any CPU.ActiveCfg = Debug|Any CPU
		{6F1BBA30-E015-4EC0-9A16-41269B062F96}.Debug|Any CPU.Build.0 = Debug|Any CPU
		{6F1BBA30-E015-4EC0-9A16-41269B062F96}.Release|Any CPU.ActiveCfg = Release|Any CPU
		{6F1BBA30-E015-4EC0-9A16-41269B062F96}.Release|Any CPU.Build.0 = Release|Any CPU
		{2B316875-92D8-4DB2-870E-5CB36FC4A0DD}.Debug|Any CPU.ActiveCfg = Debug|Any CPU
		{2B316875-92D8-4DB2-870E-5CB36FC4A0DD}.Debug|Any CPU.Build.0 = Debug|Any CPU
		{2B316875-92D8-4DB2-870E-5CB36FC4A0DD}.Release|Any CPU.ActiveCfg = Release|Any CPU
		{2B316875-92D8-4DB2-870E-5CB36FC4A0DD}.Release|Any CPU.Build.0 = Release|Any CPU
		{74A87B8B-61D3-4F28-8EFA-301CD1826507}.Debug|Any CPU.ActiveCfg = Debug|Any CPU
		{74A87B8B-61D3-4F28-8EFA-301CD1826507}.Debug|Any CPU.Build.0 = Debug|Any CPU
		{74A87B8B-61D3-4F28-8EFA-301CD1826507}.Release|Any CPU.ActiveCfg = Release|Any CPU
		{74A87B8B-61D3-4F28-8EFA-301CD1826507}.Release|Any CPU.Build.0 = Release|Any CPU
		{2DFAEDFB-3C48-453C-A866-6BA8DBB21D70}.Debug|Any CPU.ActiveCfg = Debug|Any CPU
		{2DFAEDFB-3C48-453C-A866-6BA8DBB21D70}.Debug|Any CPU.Build.0 = Debug|Any CPU
		{2DFAEDFB-3C48-453C-A866-6BA8DBB21D70}.Release|Any CPU.ActiveCfg = Release|Any CPU
		{2DFAEDFB-3C48-453C-A866-6BA8DBB21D70}.Release|Any CPU.Build.0 = Release|Any CPU
		{7AB87994-3501-4B2B-915F-02414450C31C}.Debug|Any CPU.ActiveCfg = Debug|Any CPU
		{7AB87994-3501-4B2B-915F-02414450C31C}.Debug|Any CPU.Build.0 = Debug|Any CPU
		{7AB87994-3501-4B2B-915F-02414450C31C}.Release|Any CPU.ActiveCfg = Release|Any CPU
		{7AB87994-3501-4B2B-915F-02414450C31C}.Release|Any CPU.Build.0 = Release|Any CPU
		{766C597E-A115-4836-8690-9C5D8E402319}.Debug|Any CPU.ActiveCfg = Debug|Any CPU
		{766C597E-A115-4836-8690-9C5D8E402319}.Debug|Any CPU.Build.0 = Debug|Any CPU
		{766C597E-A115-4836-8690-9C5D8E402319}.Release|Any CPU.ActiveCfg = Release|Any CPU
		{766C597E-A115-4836-8690-9C5D8E402319}.Release|Any CPU.Build.0 = Release|Any CPU
		{B55FE405-8303-484C-972D-C4141CEEAA39}.Debug|Any CPU.ActiveCfg = Debug|Any CPU
		{B55FE405-8303-484C-972D-C4141CEEAA39}.Debug|Any CPU.Build.0 = Debug|Any CPU
		{B55FE405-8303-484C-972D-C4141CEEAA39}.Release|Any CPU.ActiveCfg = Release|Any CPU
		{B55FE405-8303-484C-972D-C4141CEEAA39}.Release|Any CPU.Build.0 = Release|Any CPU
		{3343E1FC-1964-4FD3-B851-A74CD69725F6}.Debug|Any CPU.ActiveCfg = Debug|Any CPU
		{3343E1FC-1964-4FD3-B851-A74CD69725F6}.Debug|Any CPU.Build.0 = Debug|Any CPU
		{3343E1FC-1964-4FD3-B851-A74CD69725F6}.Release|Any CPU.ActiveCfg = Release|Any CPU
		{3343E1FC-1964-4FD3-B851-A74CD69725F6}.Release|Any CPU.Build.0 = Release|Any CPU
		{810DD933-1B83-470E-B474-2348240335C7}.Debug|Any CPU.ActiveCfg = Debug|Any CPU
		{810DD933-1B83-470E-B474-2348240335C7}.Debug|Any CPU.Build.0 = Debug|Any CPU
		{810DD933-1B83-470E-B474-2348240335C7}.Release|Any CPU.ActiveCfg = Release|Any CPU
		{810DD933-1B83-470E-B474-2348240335C7}.Release|Any CPU.Build.0 = Release|Any CPU
	EndGlobalSection
	GlobalSection(NestedProjects) = preSolution
		{C10F3078-BA4B-486C-A878-5CE0255D159B} = {6F44C0EB-51FE-4603-96EC-E4BD2AFAE33D}
		{ED917A03-BDDF-48C9-B323-90AEE87151B6} = {6C2FAADA-5E9E-4638-84C6-1EDC966B671F}
		{8C3C64F8-4FFD-4417-B38C-E8055BAADD60} = {6C2FAADA-5E9E-4638-84C6-1EDC966B671F}
		{4755C2FC-8B53-4B64-B83B-5CB6BC671E3D} = {6C2FAADA-5E9E-4638-84C6-1EDC966B671F}
		{6F1BBA30-E015-4EC0-9A16-41269B062F96} = {6AED90A5-5BAC-4565-9BD8-B20FCC2EC3C2}
		{2B316875-92D8-4DB2-870E-5CB36FC4A0DD} = {6AED90A5-5BAC-4565-9BD8-B20FCC2EC3C2}
		{74A87B8B-61D3-4F28-8EFA-301CD1826507} = {3B9C9D06-ACC0-4C56-AAFB-7D33416DF411}
		{2DFAEDFB-3C48-453C-A866-6BA8DBB21D70} = {3B9C9D06-ACC0-4C56-AAFB-7D33416DF411}
		{7AB87994-3501-4B2B-915F-02414450C31C} = {3B9C9D06-ACC0-4C56-AAFB-7D33416DF411}
		{766C597E-A115-4836-8690-9C5D8E402319} = {3B9C9D06-ACC0-4C56-AAFB-7D33416DF411}
		{B55FE405-8303-484C-972D-C4141CEEAA39} = {6A46D7E1-E4CE-4C67-A20B-177A1B294A24}
		{3343E1FC-1964-4FD3-B851-A74CD69725F6} = {7FD1F8C8-A020-4015-BCD6-97E32AAEB4FB}
		{810DD933-1B83-470E-B474-2348240335C7} = {6AED90A5-5BAC-4565-9BD8-B20FCC2EC3C2}
	EndGlobalSection
EndGlobal
